
Microsoft Visual Studio Solution File, Format Version 12.00
# Visual Studio Version 17
VisualStudioVersion = 17.8.34511.84
MinimumVisualStudioVersion = 10.0.40219.1
Project("{FAE04EC0-301F-11D3-BF4B-00C04F79EFBC}") = "CompanyEmail", "CompanyEmail\CompanyEmail.csproj", "{06B5191E-896E-4D06-9CDC-FDD21948EDEB}"
EndProject
Global
	GlobalSection(SolutionConfigurationPlatforms) = preSolution
		Debug|Any CPU = Debug|Any CPU
		Release|Any CPU = Release|Any CPU
	EndGlobalSection
	GlobalSection(ProjectConfigurationPlatforms) = postSolution
		{06B5191E-896E-4D06-9CDC-FDD21948EDEB}.Debug|Any CPU.ActiveCfg = Debug|Any CPU
		{06B5191E-896E-4D06-9CDC-FDD21948EDEB}.Debug|Any CPU.Build.0 = Debug|Any CPU
		{06B5191E-896E-4D06-9CDC-FDD21948EDEB}.Release|Any CPU.ActiveCfg = Release|Any CPU
		{06B5191E-896E-4D06-9CDC-FDD21948EDEB}.Release|Any CPU.Build.0 = Release|Any CPU
	EndGlobalSection
	GlobalSection(SolutionProperties) = preSolution
		HideSolutionNode = FALSE
	EndGlobalSection
	GlobalSection(ExtensibilityGlobals) = postSolution
		SolutionGuid = {441B0CEB-470A-46D4-B8C4-2403A31DE2CD}
	EndGlobalSection
EndGlobal
